
Microsoft Visual Studio Solution File, Format Version 12.00
# Visual Studio Version 17
VisualStudioVersion = 17.12.35527.113
MinimumVisualStudioVersion = 10.0.40219.1
Project("{FAE04EC0-301F-11D3-BF4B-00C04F79EFBC}") = "TenantElectricityAPI", "TenantElectricityAPI\TenantElectricityAPI.csproj", "{C0D55BEE-A5F4-4E69-9E50-03FC2F7E7673}"
EndProject
Project("{FAE04EC0-301F-11D3-BF4B-00C04F79EFBC}") = "TenantElectricity.Shared", "TenantElectricity.Shared\TenantElectricity.Shared.csproj", "{8F9D9EB0-3B0D-4F31-A1FA-A15D028C1DEE}"
EndProject
Project("{FAE04EC0-301F-11D3-BF4B-00C04F79EFBC}") = "TenantElectricityUI", "TenantElectricityUI\TenantElectricityUI.csproj", "{61C6E5B0-09C2-4DB9-8AC6-F25E33915047}"
EndProject
Global
	GlobalSection(SolutionConfigurationPlatforms) = preSolution
		Debug|Any CPU = Debug|Any CPU
		Release|Any CPU = Release|Any CPU
	EndGlobalSection
	GlobalSection(ProjectConfigurationPlatforms) = postSolution
		{C0D55BEE-A5F4-4E69-9E50-03FC2F7E7673}.Debug|Any CPU.ActiveCfg = Debug|Any CPU
		{C0D55BEE-A5F4-4E69-9E50-03FC2F7E7673}.Debug|Any CPU.Build.0 = Debug|Any CPU
		{C0D55BEE-A5F4-4E69-9E50-03FC2F7E7673}.Release|Any CPU.ActiveCfg = Release|Any CPU
		{C0D55BEE-A5F4-4E69-9E50-03FC2F7E7673}.Release|Any CPU.Build.0 = Release|Any CPU
		{8F9D9EB0-3B0D-4F31-A1FA-A15D028C1DEE}.Debug|Any CPU.ActiveCfg = Debug|Any CPU
		{8F9D9EB0-3B0D-4F31-A1FA-A15D028C1DEE}.Debug|Any CPU.Build.0 = Debug|Any CPU
		{8F9D9EB0-3B0D-4F31-A1FA-A15D028C1DEE}.Release|Any CPU.ActiveCfg = Release|Any CPU
		{8F9D9EB0-3B0D-4F31-A1FA-A15D028C1DEE}.Release|Any CPU.Build.0 = Release|Any CPU
		{61C6E5B0-09C2-4DB9-8AC6-F25E33915047}.Debug|Any CPU.ActiveCfg = Debug|Any CPU
		{61C6E5B0-09C2-4DB9-8AC6-F25E33915047}.Debug|Any CPU.Build.0 = Debug|Any CPU
		{61C6E5B0-09C2-4DB9-8AC6-F25E33915047}.Release|Any CPU.ActiveCfg = Release|Any CPU
		{61C6E5B0-09C2-4DB9-8AC6-F25E33915047}.Release|Any CPU.Build.0 = Release|Any CPU
	EndGlobalSection
	GlobalSection(SolutionProperties) = preSolution
		HideSolutionNode = FALSE
	EndGlobalSection
EndGlobal
